
Microsoft Visual Studio Solution File, Format Version 12.00
# Visual Studio Version 16
VisualStudioVersion = 16.0.30114.105
MinimumVisualStudioVersion = 10.0.40219.1
Project("{FAE04EC0-301F-11D3-BF4B-00C04F79EFBC}") = "PaymentContext.Domain", "PaymentContext.Domain\PaymentContext.Domain.csproj", "{B8FB0662-71C7-4AC9-ABC3-0E22BF7A77C7}"
EndProject
Project("{FAE04EC0-301F-11D3-BF4B-00C04F79EFBC}") = "PaymentContext.Shared", "PaymentContext.Shared\PaymentContext.Shared.csproj", "{02EA4D23-C90B-4E78-A902-0895DC1BAE19}"
EndProject
Project("{FAE04EC0-301F-11D3-BF4B-00C04F79EFBC}") = "PaymentContext.Tests", "PaymentContext.Tests\PaymentContext.Tests.csproj", "{3FA5038E-7B5F-478C-8D99-B07A20CB1C73}"
EndProject
Global
	GlobalSection(SolutionConfigurationPlatforms) = preSolution
		Debug|Any CPU = Debug|Any CPU
		Debug|x64 = Debug|x64
		Debug|x86 = Debug|x86
		Release|Any CPU = Release|Any CPU
		Release|x64 = Release|x64
		Release|x86 = Release|x86
	EndGlobalSection
	GlobalSection(SolutionProperties) = preSolution
		HideSolutionNode = FALSE
	EndGlobalSection
	GlobalSection(ProjectConfigurationPlatforms) = postSolution
		{B8FB0662-71C7-4AC9-ABC3-0E22BF7A77C7}.Debug|Any CPU.ActiveCfg = Debug|Any CPU
		{B8FB0662-71C7-4AC9-ABC3-0E22BF7A77C7}.Debug|Any CPU.Build.0 = Debug|Any CPU
		{B8FB0662-71C7-4AC9-ABC3-0E22BF7A77C7}.Debug|x64.ActiveCfg = Debug|Any CPU
		{B8FB0662-71C7-4AC9-ABC3-0E22BF7A77C7}.Debug|x64.Build.0 = Debug|Any CPU
		{B8FB0662-71C7-4AC9-ABC3-0E22BF7A77C7}.Debug|x86.ActiveCfg = Debug|Any CPU
		{B8FB0662-71C7-4AC9-ABC3-0E22BF7A77C7}.Debug|x86.Build.0 = Debug|Any CPU
		{B8FB0662-71C7-4AC9-ABC3-0E22BF7A77C7}.Release|Any CPU.ActiveCfg = Release|Any CPU
		{B8FB0662-71C7-4AC9-ABC3-0E22BF7A77C7}.Release|Any CPU.Build.0 = Release|Any CPU
		{B8FB0662-71C7-4AC9-ABC3-0E22BF7A77C7}.Release|x64.ActiveCfg = Release|Any CPU
		{B8FB0662-71C7-4AC9-ABC3-0E22BF7A77C7}.Release|x64.Build.0 = Release|Any CPU
		{B8FB0662-71C7-4AC9-ABC3-0E22BF7A77C7}.Release|x86.ActiveCfg = Release|Any CPU
		{B8FB0662-71C7-4AC9-ABC3-0E22BF7A77C7}.Release|x86.Build.0 = Release|Any CPU
		{02EA4D23-C90B-4E78-A902-0895DC1BAE19}.Debug|Any CPU.ActiveCfg = Debug|Any CPU
		{02EA4D23-C90B-4E78-A902-0895DC1BAE19}.Debug|Any CPU.Build.0 = Debug|Any CPU
		{02EA4D23-C90B-4E78-A902-0895DC1BAE19}.Debug|x64.ActiveCfg = Debug|Any CPU
		{02EA4D23-C90B-4E78-A902-0895DC1BAE19}.Debug|x64.Build.0 = Debug|Any CPU
		{02EA4D23-C90B-4E78-A902-0895DC1BAE19}.Debug|x86.ActiveCfg = Debug|Any CPU
		{02EA4D23-C90B-4E78-A902-0895DC1BAE19}.Debug|x86.Build.0 = Debug|Any CPU
		{02EA4D23-C90B-4E78-A902-0895DC1BAE19}.Release|Any CPU.ActiveCfg = Release|Any CPU
		{02EA4D23-C90B-4E78-A902-0895DC1BAE19}.Release|Any CPU.Build.0 = Release|Any CPU
		{02EA4D23-C90B-4E78-A902-0895DC1BAE19}.Release|x64.ActiveCfg = Release|Any CPU
		{02EA4D23-C90B-4E78-A902-0895DC1BAE19}.Release|x64.Build.0 = Release|Any CPU
		{02EA4D23-C90B-4E78-A902-0895DC1BAE19}.Release|x86.ActiveCfg = Release|Any CPU
		{02EA4D23-C90B-4E78-A902-0895DC1BAE19}.Release|x86.Build.0 = Release|Any CPU
		{3FA5038E-7B5F-478C-8D99-B07A20CB1C73}.Debug|Any CPU.ActiveCfg = Debug|Any CPU
		{3FA5038E-7B5F-478C-8D99-B07A20CB1C73}.Debug|Any CPU.Build.0 = Debug|Any CPU
		{3FA5038E-7B5F-478C-8D99-B07A20CB1C73}.Debug|x64.ActiveCfg = Debug|Any CPU
		{3FA5038E-7B5F-478C-8D99-B07A20CB1C73}.Debug|x64.Build.0 = Debug|Any CPU
		{3FA5038E-7B5F-478C-8D99-B07A20CB1C73}.Debug|x86.ActiveCfg = Debug|Any CPU
		{3FA5038E-7B5F-478C-8D99-B07A20CB1C73}.Debug|x86.Build.0 = Debug|Any CPU
		{3FA5038E-7B5F-478C-8D99-B07A20CB1C73}.Release|Any CPU.ActiveCfg = Release|Any CPU
		{3FA5038E-7B5F-478C-8D99-B07A20CB1C73}.Release|Any CPU.Build.0 = Release|Any CPU
		{3FA5038E-7B5F-478C-8D99-B07A20CB1C73}.Release|x64.ActiveCfg = Release|Any CPU
		{3FA5038E-7B5F-478C-8D99-B07A20CB1C73}.Release|x64.Build.0 = Release|Any CPU
		{3FA5038E-7B5F-478C-8D99-B07A20CB1C73}.Release|x86.ActiveCfg = Release|Any CPU
		{3FA5038E-7B5F-478C-8D99-B07A20CB1C73}.Release|x86.Build.0 = Release|Any CPU
	EndGlobalSection
EndGlobal
